
Microsoft Visual Studio Solution File, Format Version 10.00
# Visual Studio 2008
Project("{FAE04EC0-301F-11D3-BF4B-00C04F79EFBC}") = "SimpleBlog.Web", "SimpleBlog.Web\SimpleBlog.Web.csproj", "{1707AF22-EAA0-4DD0-A510-9B021F40D54E}"
EndProject
Project("{FAE04EC0-301F-11D3-BF4B-00C04F79EFBC}") = "SimpleBlog.Web.Tests", "SimpleBlog.Web.Tests\SimpleBlog.Web.Tests.csproj", "{5E845244-C66D-48DA-8509-949CAD476BA4}"
EndProject
Global
	GlobalSection(SolutionConfigurationPlatforms) = preSolution
		Debug|Any CPU = Debug|Any CPU
		Release|Any CPU = Release|Any CPU
		SQLite|Any CPU = SQLite|Any CPU
	EndGlobalSection
	GlobalSection(ProjectConfigurationPlatforms) = postSolution
		{1707AF22-EAA0-4DD0-A510-9B021F40D54E}.Debug|Any CPU.ActiveCfg = Debug|Any CPU
		{1707AF22-EAA0-4DD0-A510-9B021F40D54E}.Debug|Any CPU.Build.0 = Debug|Any CPU
		{1707AF22-EAA0-4DD0-A510-9B021F40D54E}.Release|Any CPU.ActiveCfg = Release|Any CPU
		{1707AF22-EAA0-4DD0-A510-9B021F40D54E}.Release|Any CPU.Build.0 = Release|Any CPU
		{1707AF22-EAA0-4DD0-A510-9B021F40D54E}.SQLite|Any CPU.ActiveCfg = SQLite|Any CPU
		{1707AF22-EAA0-4DD0-A510-9B021F40D54E}.SQLite|Any CPU.Build.0 = SQLite|Any CPU
		{5E845244-C66D-48DA-8509-949CAD476BA4}.Debug|Any CPU.ActiveCfg = Debug|Any CPU
		{5E845244-C66D-48DA-8509-949CAD476BA4}.Debug|Any CPU.Build.0 = Debug|Any CPU
		{5E845244-C66D-48DA-8509-949CAD476BA4}.Release|Any CPU.ActiveCfg = Release|Any CPU
		{5E845244-C66D-48DA-8509-949CAD476BA4}.Release|Any CPU.Build.0 = Release|Any CPU
		{5E845244-C66D-48DA-8509-949CAD476BA4}.SQLite|Any CPU.ActiveCfg = Release|Any CPU
		{5E845244-C66D-48DA-8509-949CAD476BA4}.SQLite|Any CPU.Build.0 = Release|Any CPU
	EndGlobalSection
	GlobalSection(SolutionProperties) = preSolution
		HideSolutionNode = FALSE
	EndGlobalSection
EndGlobal
